
Microsoft Visual Studio Solution File, Format Version 12.00
# Visual Studio Version 16
VisualStudioVersion = 16.0.29519.181
MinimumVisualStudioVersion = 10.0.40219.1
Project("{FAE04EC0-301F-11D3-BF4B-00C04F79EFBC}") = "ColruytApp", "ColruytApp.csproj", "{D84B97AA-C50F-4754-BB60-0D62F78F65FB}"
EndProject
Global
	GlobalSection(SolutionConfigurationPlatforms) = preSolution
		Debug|Any CPU = Debug|Any CPU
		Release|Any CPU = Release|Any CPU
	EndGlobalSection
	GlobalSection(ProjectConfigurationPlatforms) = postSolution
		{D84B97AA-C50F-4754-BB60-0D62F78F65FB}.Debug|Any CPU.ActiveCfg = Debug|Any CPU
		{D84B97AA-C50F-4754-BB60-0D62F78F65FB}.Debug|Any CPU.Build.0 = Debug|Any CPU
		{D84B97AA-C50F-4754-BB60-0D62F78F65FB}.Release|Any CPU.ActiveCfg = Release|Any CPU
		{D84B97AA-C50F-4754-BB60-0D62F78F65FB}.Release|Any CPU.Build.0 = Release|Any CPU
	EndGlobalSection
	GlobalSection(SolutionProperties) = preSolution
		HideSolutionNode = FALSE
	EndGlobalSection
	GlobalSection(ExtensibilityGlobals) = postSolution
		SolutionGuid = {40284D64-C58B-4480-ACA5-868062409303}
	EndGlobalSection
EndGlobal
